
Microsoft Visual Studio Solution File, Format Version 12.00
# Visual Studio Version 16
VisualStudioVersion = 16.0.32126.315
MinimumVisualStudioVersion = 10.0.40219.1
Project("{8BC9CEB8-8B4A-11D0-8D11-00A0C91BC942}") = "Terminal Dash", "Terminal Dash.vcxproj", "{CCB7BF64-11DC-4A35-95B9-BCB4D4C0587C}"
EndProject
Global
	GlobalSection(SolutionConfigurationPlatforms) = preSolution
		Debug|x64 = Debug|x64
		Debug|x86 = Debug|x86
		Release|x64 = Release|x64
		Release|x86 = Release|x86
	EndGlobalSection
	GlobalSection(ProjectConfigurationPlatforms) = postSolution
		{CCB7BF64-11DC-4A35-95B9-BCB4D4C0587C}.Debug|x64.ActiveCfg = Debug|x64
		{CCB7BF64-11DC-4A35-95B9-BCB4D4C0587C}.Debug|x64.Build.0 = Debug|x64
		{CCB7BF64-11DC-4A35-95B9-BCB4D4C0587C}.Debug|x86.ActiveCfg = Debug|Win32
		{CCB7BF64-11DC-4A35-95B9-BCB4D4C0587C}.Debug|x86.Build.0 = Debug|Win32
		{CCB7BF64-11DC-4A35-95B9-BCB4D4C0587C}.Release|x64.ActiveCfg = Release|x64
		{CCB7BF64-11DC-4A35-95B9-BCB4D4C0587C}.Release|x64.Build.0 = Release|x64
		{CCB7BF64-11DC-4A35-95B9-BCB4D4C0587C}.Release|x86.ActiveCfg = Release|Win32
		{CCB7BF64-11DC-4A35-95B9-BCB4D4C0587C}.Release|x86.Build.0 = Release|Win32
	EndGlobalSection
	GlobalSection(SolutionProperties) = preSolution
		HideSolutionNode = FALSE
	EndGlobalSection
	GlobalSection(ExtensibilityGlobals) = postSolution
		SolutionGuid = {124A3D27-3650-4072-928F-6FD0C11B8071}
	EndGlobalSection
EndGlobal
